// !$*UTF8*$!
{
	archiveVersion = 1;
	classes = {
	};
	objectVersion = 46;
	objects = {

/* Begin PBXBuildFile section */
		D9E214CF1DAADC6A00F7F51F /* main.m in Sources */ = {isa = PBXBuildFile; fileRef = D9E214CE1DAADC6A00F7F51F /* main.m */; };
		D9E214D21DAADC6A00F7F51F /* AppDelegate.m in Sources */ = {isa = PBXBuildFile; fileRef = D9E214D11DAADC6A00F7F51F /* AppDelegate.m */; };
		D9E214D51DAADC6A00F7F51F /* ViewController.m in Sources */ = {isa = PBXBuildFile; fileRef = D9E214D41DAADC6A00F7F51F /* ViewController.m */; };
		D9E214D81DAADC6A00F7F51F /* Main.storyboard in Resources */ = {isa = PBXBuildFile; fileRef = D9E214D61DAADC6A00F7F51F /* Main.storyboard */; };
		D9E214DA1DAADC6A00F7F51F /* Assets.xcassets in Resources */ = {isa = PBXBuildFile; fileRef = D9E214D91DAADC6A00F7F51F /* Assets.xcassets */; };
		D9E214DD1DAADC6A00F7F51F /* LaunchScreen.storyboard in Resources */ = {isa = PBXBuildFile; fileRef = D9E214DB1DAADC6A00F7F51F /* LaunchScreen.storyboard */; };
		D9E214E81DAADC6A00F7F51F /* ConcentrationTests.m in Sources */ = {isa = PBXBuildFile; fileRef = D9E214E71DAADC6A00F7F51F /* ConcentrationTests.m */; };
		D9E214F31DAADC6A00F7F51F /* ConcentrationUITests.m in Sources */ = {isa = PBXBuildFile; fileRef = D9E214F21DAADC6A00F7F51F /* ConcentrationUITests.m */; };
		D9E215021DAADF8600F7F51F /* CardUIImageView.m in Sources */ = {isa = PBXBuildFile; fileRef = D9E215011DAADF8600F7F51F /* CardUIImageView.m */; };
		D9E215041DAAE23900F7F51F /* questionmark.png in Resources */ = {isa = PBXBuildFile; fileRef = D9E215031DAAE23900F7F51F /* questionmark.png */; };
		D9E215061DAAE29B00F7F51F /* wrong.png in Resources */ = {isa = PBXBuildFile; fileRef = D9E215051DAAE29B00F7F51F /* wrong.png */; };
/* End PBXBuildFile section */

/* Begin PBXContainerItemProxy section */
		D9E214E41DAADC6A00F7F51F /* PBXContainerItemProxy */ = {
			isa = PBXContainerItemProxy;
			containerPortal = D9E214C21DAADC6A00F7F51F /* Project object */;
			proxyType = 1;
			remoteGlobalIDString = D9E214C91DAADC6A00F7F51F;
			remoteInfo = Concentration;
		};
		D9E214EF1DAADC6A00F7F51F /* PBXContainerItemProxy */ = {
			isa = PBXContainerItemProxy;
			containerPortal = D9E214C21DAADC6A00F7F51F /* Project object */;
			proxyType = 1;
			remoteGlobalIDString = D9E214C91DAADC6A00F7F51F;
			remoteInfo = Concentration;
		};
/* End PBXContainerItemProxy section */

/* Begin PBXFileReference section */
		D9E214CA1DAADC6A00F7F51F /* Concentration.app */ = {isa = PBXFileReference; explicitFileType = wrapper.application; includeInIndex = 0; path = Concentration.app; sourceTree = BUILT_PRODUCTS_DIR; };
		D9E214CE1DAADC6A00F7F51F /* main.m */ = {isa = PBXFileReference; lastKnownFileType = sourcecode.c.objc; path = main.m; sourceTree = "<group>"; };
		D9E214D01DAADC6A00F7F51F /* AppDelegate.h */ = {isa = PBXFileReference; lastKnownFileType = sourcecode.c.h; path = AppDelegate.h; sourceTree = "<group>"; };
		D9E214D11DAADC6A00F7F51F /* AppDelegate.m */ = {isa = PBXFileReference; lastKnownFileType = sourcecode.c.objc; path = AppDelegate.m; sourceTree = "<group>"; };
		D9E214D31DAADC6A00F7F51F /* ViewController.h */ = {isa = PBXFileReference; lastKnownFileType = sourcecode.c.h; path = ViewController.h; sourceTree = "<group>"; };
		D9E214D41DAADC6A00F7F51F /* ViewController.m */ = {isa = PBXFileReference; lastKnownFileType = sourcecode.c.objc; path = ViewController.m; sourceTree = "<group>"; };
		D9E214D71DAADC6A00F7F51F /* Base */ = {isa = PBXFileReference; lastKnownFileType = file.storyboard; name = Base; path = Base.lproj/Main.storyboard; sourceTree = "<group>"; };
		D9E214D91DAADC6A00F7F51F /* Assets.xcassets */ = {isa = PBXFileReference; lastKnownFileType = folder.assetcatalog; path = Assets.xcassets; sourceTree = "<group>"; };
		D9E214DC1DAADC6A00F7F51F /* Base */ = {isa = PBXFileReference; lastKnownFileType = file.storyboard; name = Base; path = Base.lproj/LaunchScreen.storyboard; sourceTree = "<group>"; };
		D9E214DE1DAADC6A00F7F51F /* Info.plist */ = {isa = PBXFileReference; lastKnownFileType = text.plist.xml; path = Info.plist; sourceTree = "<group>"; };
		D9E214E31DAADC6A00F7F51F /* ConcentrationTests.xctest */ = {isa = PBXFileReference; explicitFileType = wrapper.cfbundle; includeInIndex = 0; path = ConcentrationTests.xctest; sourceTree = BUILT_PRODUCTS_DIR; };
		D9E214E71DAADC6A00F7F51F /* ConcentrationTests.m */ = {isa = PBXFileReference; lastKnownFileType = sourcecode.c.objc; path = ConcentrationTests.m; sourceTree = "<group>"; };
		D9E214E91DAADC6A00F7F51F /* Info.plist */ = {isa = PBXFileReference; lastKnownFileType = text.plist.xml; path = Info.plist; sourceTree = "<group>"; };
		D9E214EE1DAADC6A00F7F51F /* ConcentrationUITests.xctest */ = {isa = PBXFileReference; explicitFileType = wrapper.cfbundle; includeInIndex = 0; path = ConcentrationUITests.xctest; sourceTree = BUILT_PRODUCTS_DIR; };
		D9E214F21DAADC6A00F7F51F /* ConcentrationUITests.m */ = {isa = PBXFileReference; lastKnownFileType = sourcecode.c.objc; path = ConcentrationUITests.m; sourceTree = "<group>"; };
		D9E214F41DAADC6A00F7F51F /* Info.plist */ = {isa = PBXFileReference; lastKnownFileType = text.plist.xml; path = Info.plist; sourceTree = "<group>"; };
		D9E215001DAADF8600F7F51F /* CardUIImageView.h */ = {isa = PBXFileReference; fileEncoding = 4; lastKnownFileType = sourcecode.c.h; path = CardUIImageView.h; sourceTree = "<group>"; };
		D9E215011DAADF8600F7F51F /* CardUIImageView.m */ = {isa = PBXFileReference; fileEncoding = 4; lastKnownFileType = sourcecode.c.objc; path = CardUIImageView.m; sourceTree = "<group>"; };
		D9E215031DAAE23900F7F51F /* questionmark.png */ = {isa = PBXFileReference; lastKnownFileType = image.png; path = questionmark.png; sourceTree = "<group>"; };
		D9E215051DAAE29B00F7F51F /* wrong.png */ = {isa = PBXFileReference; lastKnownFileType = image.png; path = wrong.png; sourceTree = "<group>"; };
/* End PBXFileReference section */

/* Begin PBXFrameworksBuildPhase section */
		D9E214C71DAADC6A00F7F51F /* Frameworks */ = {
			isa = PBXFrameworksBuildPhase;
			buildActionMask = 2147483647;
			files = (
			);
			runOnlyForDeploymentPostprocessing = 0;
		};
		D9E214E01DAADC6A00F7F51F /* Frameworks */ = {
			isa = PBXFrameworksBuildPhase;
			buildActionMask = 2147483647;
			files = (
			);
			runOnlyForDeploymentPostprocessing = 0;
		};
		D9E214EB1DAADC6A00F7F51F /* Frameworks */ = {
			isa = PBXFrameworksBuildPhase;
			buildActionMask = 2147483647;
			files = (
			);
			runOnlyForDeploymentPostprocessing = 0;
		};
/* End PBXFrameworksBuildPhase section */

/* Begin PBXGroup section */
		D9E214C11DAADC6A00F7F51F = {
			isa = PBXGroup;
			children = (
				D9E214CC1DAADC6A00F7F51F /* Concentration */,
				D9E214E61DAADC6A00F7F51F /* ConcentrationTests */,
				D9E214F11DAADC6A00F7F51F /* ConcentrationUITests */,
				D9E214CB1DAADC6A00F7F51F /* Products */,
			);
			sourceTree = "<group>";
		};
		D9E214CB1DAADC6A00F7F51F /* Products */ = {
			isa = PBXGroup;
			children = (
				D9E214CA1DAADC6A00F7F51F /* Concentration.app */,
				D9E214E31DAADC6A00F7F51F /* ConcentrationTests.xctest */,
				D9E214EE1DAADC6A00F7F51F /* ConcentrationUITests.xctest */,
			);
			name = Products;
			sourceTree = "<group>";
		};
		D9E214CC1DAADC6A00F7F51F /* Concentration */ = {
			isa = PBXGroup;
			children = (
				D9E214D01DAADC6A00F7F51F /* AppDelegate.h */,
				D9E214D11DAADC6A00F7F51F /* AppDelegate.m */,
				D9E214D31DAADC6A00F7F51F /* ViewController.h */,
				D9E214D41DAADC6A00F7F51F /* ViewController.m */,
				D9E214D61DAADC6A00F7F51F /* Main.storyboard */,
				D9E215001DAADF8600F7F51F /* CardUIImageView.h */,
				D9E215011DAADF8600F7F51F /* CardUIImageView.m */,
				D9E214D91DAADC6A00F7F51F /* Assets.xcassets */,
				D9E214DB1DAADC6A00F7F51F /* LaunchScreen.storyboard */,
				D9E214DE1DAADC6A00F7F51F /* Info.plist */,
				D9E214CD1DAADC6A00F7F51F /* Supporting Files */,
			);
			path = Concentration;
			sourceTree = "<group>";
		};
		D9E214CD1DAADC6A00F7F51F /* Supporting Files */ = {
			isa = PBXGroup;
			children = (
				D9E215051DAAE29B00F7F51F /* wrong.png */,
				D9E215031DAAE23900F7F51F /* questionmark.png */,
				D9E214CE1DAADC6A00F7F51F /* main.m */,
			);
			name = "Supporting Files";
			sourceTree = "<group>";
		};
		D9E214E61DAADC6A00F7F51F /* ConcentrationTests */ = {
			isa = PBXGroup;
			children = (
				D9E214E71DAADC6A00F7F51F /* ConcentrationTests.m */,
				D9E214E91DAADC6A00F7F51F /* Info.plist */,
			);
			path = ConcentrationTests;
			sourceTree = "<group>";
		};
		D9E214F11DAADC6A00F7F51F /* ConcentrationUITests */ = {
			isa = PBXGroup;
			children = (
				D9E214F21DAADC6A00F7F51F /* ConcentrationUITests.m */,
				D9E214F41DAADC6A00F7F51F /* Info.plist */,
			);
			path = ConcentrationUITests;
			sourceTree = "<group>";
		};
/* End PBXGroup section */

/* Begin PBXNativeTarget section */
		D9E214C91DAADC6A00F7F51F /* Concentration */ = {
			isa = PBXNativeTarget;
			buildConfigurationList = D9E214F71DAADC6A00F7F51F /* Build configuration list for PBXNativeTarget "Concentration" */;
			buildPhases = (
				D9E214C61DAADC6A00F7F51F /* Sources */,
				D9E214C71DAADC6A00F7F51F /* Frameworks */,
				D9E214C81DAADC6A00F7F51F /* Resources */,
			);
			buildRules = (
			);
			dependencies = (
			);
			name = Concentration;
			productName = Concentration;
			productReference = D9E214CA1DAADC6A00F7F51F /* Concentration.app */;
			productType = "com.apple.product-type.application";
		};
		D9E214E21DAADC6A00F7F51F /* ConcentrationTests */ = {
			isa = PBXNativeTarget;
			buildConfigurationList = D9E214FA1DAADC6A00F7F51F /* Build configuration list for PBXNativeTarget "ConcentrationTests" */;
			buildPhases = (
				D9E214DF1DAADC6A00F7F51F /* Sources */,
				D9E214E01DAADC6A00F7F51F /* Frameworks */,
				D9E214E11DAADC6A00F7F51F /* Resources */,
			);
			buildRules = (
			);
			dependencies = (
				D9E214E51DAADC6A00F7F51F /* PBXTargetDependency */,
			);
			name = ConcentrationTests;
			productName = ConcentrationTests;
			productReference = D9E214E31DAADC6A00F7F51F /* ConcentrationTests.xctest */;
			productType = "com.apple.product-type.bundle.unit-test";
		};
		D9E214ED1DAADC6A00F7F51F /* ConcentrationUITests */ = {
			isa = PBXNativeTarget;
			buildConfigurationList = D9E214FD1DAADC6A00F7F51F /* Build configuration list for PBXNativeTarget "ConcentrationUITests" */;
			buildPhases = (
				D9E214EA1DAADC6A00F7F51F /* Sources */,
				D9E214EB1DAADC6A00F7F51F /* Frameworks */,
				D9E214EC1DAADC6A00F7F51F /* Resources */,
			);
			buildRules = (
			);
			dependencies = (
				D9E214F01DAADC6A00F7F51F /* PBXTargetDependency */,
			);
			name = ConcentrationUITests;
			productName = ConcentrationUITests;
			productReference = D9E214EE1DAADC6A00F7F51F /* ConcentrationUITests.xctest */;
			productType = "com.apple.product-type.bundle.ui-testing";
		};
/* End PBXNativeTarget section */

/* Begin PBXProject section */
		D9E214C21DAADC6A00F7F51F /* Project object */ = {
			isa = PBXProject;
			attributes = {
				LastUpgradeCheck = 0800;
				ORGANIZATIONNAME = csweeney;
				TargetAttributes = {
					D9E214C91DAADC6A00F7F51F = {
						CreatedOnToolsVersion = 8.0;
						ProvisioningStyle = Automatic;
					};
					D9E214E21DAADC6A00F7F51F = {
						CreatedOnToolsVersion = 8.0;
						ProvisioningStyle = Automatic;
						TestTargetID = D9E214C91DAADC6A00F7F51F;
					};
					D9E214ED1DAADC6A00F7F51F = {
						CreatedOnToolsVersion = 8.0;
						ProvisioningStyle = Automatic;
						TestTargetID = D9E214C91DAADC6A00F7F51F;
					};
				};
			};
			buildConfigurationList = D9E214C51DAADC6A00F7F51F /* Build configuration list for PBXProject "Concentration" */;
			compatibilityVersion = "Xcode 3.2";
			developmentRegion = English;
			hasScannedForEncodings = 0;
			knownRegions = (
				en,
				Base,
			);
			mainGroup = D9E214C11DAADC6A00F7F51F;
			productRefGroup = D9E214CB1DAADC6A00F7F51F /* Products */;
			projectDirPath = "";
			projectRoot = "";
			targets = (
				D9E214C91DAADC6A00F7F51F /* Concentration */,
				D9E214E21DAADC6A00F7F51F /* ConcentrationTests */,
				D9E214ED1DAADC6A00F7F51F /* ConcentrationUITests */,
			);
		};
/* End PBXProject section */

/* Begin PBXResourcesBuildPhase section */
		D9E214C81DAADC6A00F7F51F /* Resources */ = {
			isa = PBXResourcesBuildPhase;
			buildActionMask = 2147483647;
			files = (
				D9E215061DAAE29B00F7F51F /* wrong.png in Resources */,
				D9E214DD1DAADC6A00F7F51F /* LaunchScreen.storyboard in Resources */,
				D9E214DA1DAADC6A00F7F51F /* Assets.xcassets in Resources */,
				D9E215041DAAE23900F7F51F /* questionmark.png in Resources */,
				D9E214D81DAADC6A00F7F51F /* Main.storyboard in Resources */,
			);
			runOnlyForDeploymentPostprocessing = 0;
		};
		D9E214E11DAADC6A00F7F51F /* Resources */ = {
			isa = PBXResourcesBuildPhase;
			buildActionMask = 2147483647;
			files = (
			);
			runOnlyForDeploymentPostprocessing = 0;
		};
		D9E214EC1DAADC6A00F7F51F /* Resources */ = {
			isa = PBXResourcesBuildPhase;
			buildActionMask = 2147483647;
			files = (
			);
			runOnlyForDeploymentPostprocessing = 0;
		};
/* End PBXResourcesBuildPhase section */

/* Begin PBXSourcesBuildPhase section */
		D9E214C61DAADC6A00F7F51F /* Sources */ = {
			isa = PBXSourcesBuildPhase;
			buildActionMask = 2147483647;
			files = (
				D9E214D51DAADC6A00F7F51F /* ViewController.m in Sources */,
				D9E214D21DAADC6A00F7F51F /* AppDelegate.m in Sources */,
				D9E215021DAADF8600F7F51F /* CardUIImageView.m in Sources */,
				D9E214CF1DAADC6A00F7F51F /* main.m in Sources */,
			);
			runOnlyForDeploymentPostprocessing = 0;
		};
		D9E214DF1DAADC6A00F7F51F /* Sources */ = {
			isa = PBXSourcesBuildPhase;
			buildActionMask = 2147483647;
			files = (
				D9E214E81DAADC6A00F7F51F /* ConcentrationTests.m in Sources */,
			);
			runOnlyForDeploymentPostprocessing = 0;
		};
		D9E214EA1DAADC6A00F7F51F /* Sources */ = {
			isa = PBXSourcesBuildPhase;
			buildActionMask = 2147483647;
			files = (
				D9E214F31DAADC6A00F7F51F /* ConcentrationUITests.m in Sources */,
			);
			runOnlyForDeploymentPostprocessing = 0;
		};
/* End PBXSourcesBuildPhase section */

/* Begin PBXTargetDependency section */
		D9E214E51DAADC6A00F7F51F /* PBXTargetDependency */ = {
			isa = PBXTargetDependency;
			target = D9E214C91DAADC6A00F7F51F /* Concentration */;
			targetProxy = D9E214E41DAADC6A00F7F51F /* PBXContainerItemProxy */;
		};
		D9E214F01DAADC6A00F7F51F /* PBXTargetDependency */ = {
			isa = PBXTargetDependency;
			target = D9E214C91DAADC6A00F7F51F /* Concentration */;
			targetProxy = D9E214EF1DAADC6A00F7F51F /* PBXContainerItemProxy */;
		};
/* End PBXTargetDependency section */

/* Begin PBXVariantGroup section */
		D9E214D61DAADC6A00F7F51F /* Main.storyboard */ = {
			isa = PBXVariantGroup;
			children = (
				D9E214D71DAADC6A00F7F51F /* Base */,
			);
			name = Main.storyboard;
			sourceTree = "<group>";
		};
		D9E214DB1DAADC6A00F7F51F /* LaunchScreen.storyboard */ = {
			isa = PBXVariantGroup;
			children = (
				D9E214DC1DAADC6A00F7F51F /* Base */,
			);
			name = LaunchScreen.storyboard;
			sourceTree = "<group>";
		};
/* End PBXVariantGroup section */

/* Begin XCBuildConfiguration section */
		D9E214F51DAADC6A00F7F51F /* Debug */ = {
			isa = XCBuildConfiguration;
			buildSettings = {
				ALWAYS_SEARCH_USER_PATHS = NO;
				CLANG_ANALYZER_NONNULL = YES;
				CLANG_CXX_LANGUAGE_STANDARD = "gnu++0x";
				CLANG_CXX_LIBRARY = "libc++";
				CLANG_ENABLE_MODULES = YES;
				CLANG_ENABLE_OBJC_ARC = YES;
				CLANG_WARN_BOOL_CONVERSION = YES;
				CLANG_WARN_CONSTANT_CONVERSION = YES;
				CLANG_WARN_DIRECT_OBJC_ISA_USAGE = YES_ERROR;
				CLANG_WARN_DOCUMENTATION_COMMENTS = YES;
				CLANG_WARN_EMPTY_BODY = YES;
				CLANG_WARN_ENUM_CONVERSION = YES;
				CLANG_WARN_INFINITE_RECURSION = YES;
				CLANG_WARN_INT_CONVERSION = YES;
				CLANG_WARN_OBJC_ROOT_CLASS = YES_ERROR;
				CLANG_WARN_SUSPICIOUS_MOVES = YES;
				CLANG_WARN_UNREACHABLE_CODE = YES;
				CLANG_WARN__DUPLICATE_METHOD_MATCH = YES;
				"CODE_SIGN_IDENTITY[sdk=iphoneos*]" = "iPhone Developer";
				COPY_PHASE_STRIP = NO;
				DEBUG_INFORMATION_FORMAT = dwarf;
				ENABLE_STRICT_OBJC_MSGSEND = YES;
				ENABLE_TESTABILITY = YES;
				GCC_C_LANGUAGE_STANDARD = gnu99;
				GCC_DYNAMIC_NO_PIC = NO;
				GCC_NO_COMMON_BLOCKS = YES;
				GCC_OPTIMIZATION_LEVEL = 0;
				GCC_PREPROCESSOR_DEFINITIONS = (
					"DEBUG=1",
					"$(inherited)",
				);
				GCC_WARN_64_TO_32_BIT_CONVERSION = YES;
				GCC_WARN_ABOUT_RETURN_TYPE = YES_ERROR;
				GCC_WARN_UNDECLARED_SELECTOR = YES;
				GCC_WARN_UNINITIALIZED_AUTOS = YES_AGGRESSIVE;
				GCC_WARN_UNUSED_FUNCTION = YES;
				GCC_WARN_UNUSED_VARIABLE = YES;
				IPHONEOS_DEPLOYMENT_TARGET = 10.0;
				MTL_ENABLE_DEBUG_INFO = YES;
				ONLY_ACTIVE_ARCH = YES;
				SDKROOT = iphoneos;
			};
			name = Debug;
		};
		D9E214F61DAADC6A00F7F51F /* Release */ = {
			isa = XCBuildConfiguration;
			buildSettings = {
				ALWAYS_SEARCH_USER_PATHS = NO;
				CLANG_ANALYZER_NONNULL = YES;
				CLANG_CXX_LANGUAGE_STANDARD = "gnu++0x";
				CLANG_CXX_LIBRARY = "libc++";
				CLANG_ENABLE_MODULES = YES;
				CLANG_ENABLE_OBJC_ARC = YES;
				CLANG_WARN_BOOL_CONVERSION = YES;
				CLANG_WARN_CONSTANT_CONVERSION = YES;
				CLANG_WARN_DIRECT_OBJC_ISA_USAGE = YES_ERROR;
				CLANG_WARN_DOCUMENTATION_COMMENTS = YES;
				CLANG_WARN_EMPTY_BODY = YES;
				CLANG_WARN_ENUM_CONVERSION = YES;
				CLANG_WARN_INFINITE_RECURSION = YES;
				CLANG_WARN_INT_CONVERSION = YES;
				CLANG_WARN_OBJC_ROOT_CLASS = YES_ERROR;
				CLANG_WARN_SUSPICIOUS_MOVES = YES;
				CLANG_WARN_UNREACHABLE_CODE = YES;
				CLANG_WARN__DUPLICATE_METHOD_MATCH = YES;
				"CODE_SIGN_IDENTITY[sdk=iphoneos*]" = "iPhone Developer";
				COPY_PHASE_STRIP = NO;
				DEBUG_INFORMATION_FORMAT = "dwarf-with-dsym";
				ENABLE_NS_ASSERTIONS = NO;
				ENABLE_STRICT_OBJC_MSGSEND = YES;
				GCC_C_LANGUAGE_STANDARD = gnu99;
				GCC_NO_COMMON_BLOCKS = YES;
				GCC_WARN_64_TO_32_BIT_CONVERSION = YES;
				GCC_WARN_ABOUT_RETURN_TYPE = YES_ERROR;
				GCC_WARN_UNDECLARED_SELECTOR = YES;
				GCC_WARN_UNINITIALIZED_AUTOS = YES_AGGRESSIVE;
				GCC_WARN_UNUSED_FUNCTION = YES;
				GCC_WARN_UNUSED_VARIABLE = YES;
				IPHONEOS_DEPLOYMENT_TARGET = 10.0;
				MTL_ENABLE_DEBUG_INFO = NO;
				SDKROOT = iphoneos;
				VALIDATE_PRODUCT = YES;
			};
			name = Release;
		};
		D9E214F81DAADC6A00F7F51F /* Debug */ = {
			isa = XCBuildConfiguration;
			buildSettings = {
				ASSETCATALOG_COMPILER_APPICON_NAME = AppIcon;
				INFOPLIST_FILE = Concentration/Info.plist;
				LD_RUNPATH_SEARCH_PATHS = "$(inherited) @executable_path/Frameworks";
				PRODUCT_BUNDLE_IDENTIFIER = csweeney.Concentration;
				PRODUCT_NAME = "$(TARGET_NAME)";
			};
			name = Debug;
		};
		D9E214F91DAADC6A00F7F51F /* Release */ = {
			isa = XCBuildConfiguration;
			buildSettings = {
				ASSETCATALOG_COMPILER_APPICON_NAME = AppIcon;
				INFOPLIST_FILE = Concentration/Info.plist;
				LD_RUNPATH_SEARCH_PATHS = "$(inherited) @executable_path/Frameworks";
				PRODUCT_BUNDLE_IDENTIFIER = csweeney.Concentration;
				PRODUCT_NAME = "$(TARGET_NAME)";
			};
			name = Release;
		};
		D9E214FB1DAADC6A00F7F51F /* Debug */ = {
			isa = XCBuildConfiguration;
			buildSettings = {
				BUNDLE_LOADER = "$(TEST_HOST)";
				INFOPLIST_FILE = ConcentrationTests/Info.plist;
				LD_RUNPATH_SEARCH_PATHS = "$(inherited) @executable_path/Frameworks @loader_path/Frameworks";
				PRODUCT_BUNDLE_IDENTIFIER = csweeney.ConcentrationTests;
				PRODUCT_NAME = "$(TARGET_NAME)";
				TEST_HOST = "$(BUILT_PRODUCTS_DIR)/Concentration.app/Concentration";
			};
			name = Debug;
		};
		D9E214FC1DAADC6A00F7F51F /* Release */ = {
			isa = XCBuildConfiguration;
			buildSettings = {
				BUNDLE_LOADER = "$(TEST_HOST)";
				INFOPLIST_FILE = ConcentrationTests/Info.plist;
				LD_RUNPATH_SEARCH_PATHS = "$(inherited) @executable_path/Frameworks @loader_path/Frameworks";
				PRODUCT_BUNDLE_IDENTIFIER = csweeney.ConcentrationTests;
				PRODUCT_NAME = "$(TARGET_NAME)";
				TEST_HOST = "$(BUILT_PRODUCTS_DIR)/Concentration.app/Concentration";
			};
			name = Release;
		};
		D9E214FE1DAADC6A00F7F51F /* Debug */ = {
			isa = XCBuildConfiguration;
			buildSettings = {
				INFOPLIST_FILE = ConcentrationUITests/Info.plist;
				LD_RUNPATH_SEARCH_PATHS = "$(inherited) @executable_path/Frameworks @loader_path/Frameworks";
				PRODUCT_BUNDLE_IDENTIFIER = csweeney.ConcentrationUITests;
				PRODUCT_NAME = "$(TARGET_NAME)";
				TEST_TARGET_NAME = Concentration;
			};
			name = Debug;
		};
		D9E214FF1DAADC6A00F7F51F /* Release */ = {
			isa = XCBuildConfiguration;
			buildSettings = {
				INFOPLIST_FILE = ConcentrationUITests/Info.plist;
				LD_RUNPATH_SEARCH_PATHS = "$(inherited) @executable_path/Frameworks @loader_path/Frameworks";
				PRODUCT_BUNDLE_IDENTIFIER = csweeney.ConcentrationUITests;
				PRODUCT_NAME = "$(TARGET_NAME)";
				TEST_TARGET_NAME = Concentration;
			};
			name = Release;
		};
/* End XCBuildConfiguration section */

/* Begin XCConfigurationList section */
		D9E214C51DAADC6A00F7F51F /* Build configuration list for PBXProject "Concentration" */ = {
			isa = XCConfigurationList;
			buildConfigurations = (
				D9E214F51DAADC6A00F7F51F /* Debug */,
				D9E214F61DAADC6A00F7F51F /* Release */,
			);
			defaultConfigurationIsVisible = 0;
			defaultConfigurationName = Release;
		};
		D9E214F71DAADC6A00F7F51F /* Build configuration list for PBXNativeTarget "Concentration" */ = {
			isa = XCConfigurationList;
			buildConfigurations = (
				D9E214F81DAADC6A00F7F51F /* Debug */,
				D9E214F91DAADC6A00F7F51F /* Release */,
			);
			defaultConfigurationIsVisible = 0;
		};
		D9E214FA1DAADC6A00F7F51F /* Build configuration list for PBXNativeTarget "ConcentrationTests" */ = {
			isa = XCConfigurationList;
			buildConfigurations = (
				D9E214FB1DAADC6A00F7F51F /* Debug */,
				D9E214FC1DAADC6A00F7F51F /* Release */,
			);
			defaultConfigurationIsVisible = 0;
		};
		D9E214FD1DAADC6A00F7F51F /* Build configuration list for PBXNativeTarget "ConcentrationUITests" */ = {
			isa = XCConfigurationList;
			buildConfigurations = (
				D9E214FE1DAADC6A00F7F51F /* Debug */,
				D9E214FF1DAADC6A00F7F51F /* Release */,
			);
			defaultConfigurationIsVisible = 0;
		};
/* End XCConfigurationList section */
	};
	rootObject = D9E214C21DAADC6A00F7F51F /* Project object */;
}
